// !$*UTF8*$!
{
	archiveVersion = 1;
	classes = {
	};
	objectVersion = 51;
	objects = {

/* Begin PBXBuildFile section */
		5B8665C126E9B1C100125A11 /* GiftViewController.swift in Sources */ = {isa = PBXBuildFile; fileRef = 5B8665C026E9B1C100125A11 /* GiftViewController.swift */; };
		600CAFF04443741C4911BA92 /* Pods_Sopt28th_1st_Assignment.framework in Frameworks */ = {isa = PBXBuildFile; fileRef = 64625617C97707D1A118BC00 /* Pods_Sopt28th_1st_Assignment.framework */; };
		BB1EBB47264DF19A00B04C7F /* APIConstants.swift in Sources */ = {isa = PBXBuildFile; fileRef = BB1EBB46264DF19A00B04C7F /* APIConstants.swift */; };
		BB1EBB4A264DFAFF00B04C7F /* NetworkResult.swift in Sources */ = {isa = PBXBuildFile; fileRef = BB1EBB49264DFAFF00B04C7F /* NetworkResult.swift */; };
		BB1EBB4F264DFB7500B04C7F /* LoginDataModel.swift in Sources */ = {isa = PBXBuildFile; fileRef = BB1EBB4E264DFB7500B04C7F /* LoginDataModel.swift */; };
		BB1EBB56264E02EC00B04C7F /* LoginService.swift in Sources */ = {isa = PBXBuildFile; fileRef = BB1EBB55264E02EB00B04C7F /* LoginService.swift */; };
		BB1EBB62264E0B0600B04C7F /* UIViewController + makeAlerts.swift in Sources */ = {isa = PBXBuildFile; fileRef = BB1EBB61264E0B0600B04C7F /* UIViewController + makeAlerts.swift */; };
		BB1EBB66264E135200B04C7F /* SignupDataModel.swift in Sources */ = {isa = PBXBuildFile; fileRef = BB1EBB65264E135200B04C7F /* SignupDataModel.swift */; };
		BB1EBB6B264E14C200B04C7F /* SignupService.swift in Sources */ = {isa = PBXBuildFile; fileRef = BB1EBB6A264E14C200B04C7F /* SignupService.swift */; };
		BB341EC92628973E00BF274D /* MainTabBarController.swift in Sources */ = {isa = PBXBuildFile; fileRef = BB341EC82628973E00BF274D /* MainTabBarController.swift */; };
		BB35E8792626E8790086DE5D /* FirstTab.storyboard in Resources */ = {isa = PBXBuildFile; fileRef = BB35E8782626E8790086DE5D /* FirstTab.storyboard */; };
		BB35E87C2626E8810086DE5D /* SecondTab.storyboard in Resources */ = {isa = PBXBuildFile; fileRef = BB35E87B2626E8810086DE5D /* SecondTab.storyboard */; };
		BB35E87F2626E8880086DE5D /* ThirdTab.storyboard in Resources */ = {isa = PBXBuildFile; fileRef = BB35E87E2626E8880086DE5D /* ThirdTab.storyboard */; };
		BB35E8822626E8910086DE5D /* FourthTab.storyboard in Resources */ = {isa = PBXBuildFile; fileRef = BB35E8812626E8910086DE5D /* FourthTab.storyboard */; };
		BB35E8852626E8980086DE5D /* FifthTab.storyboard in Resources */ = {isa = PBXBuildFile; fileRef = BB35E8842626E8980086DE5D /* FifthTab.storyboard */; };
		BB35E88C2626EA310086DE5D /* ChatViewController.swift in Sources */ = {isa = PBXBuildFile; fileRef = BB35E88B2626EA310086DE5D /* ChatViewController.swift */; };
		BB35E8902626EAE60086DE5D /* FriendViewController.swift in Sources */ = {isa = PBXBuildFile; fileRef = BB35E88F2626EAE60086DE5D /* FriendViewController.swift */; };
		BB35E8932626EAF00086DE5D /* TagViewController.swift in Sources */ = {isa = PBXBuildFile; fileRef = BB35E8922626EAF00086DE5D /* TagViewController.swift */; };
		BB35E8962626EB0E0086DE5D /* ShoppingViewController.swift in Sources */ = {isa = PBXBuildFile; fileRef = BB35E8952626EB0E0086DE5D /* ShoppingViewController.swift */; };
		BB35E8992626EB1A0086DE5D /* SettingViewController.swift in Sources */ = {isa = PBXBuildFile; fileRef = BB35E8982626EB1A0086DE5D /* SettingViewController.swift */; };
		BB35E8A02626ECE00086DE5D /* MyProfileViewController.swift in Sources */ = {isa = PBXBuildFile; fileRef = BB35E89F2626ECE00086DE5D /* MyProfileViewController.swift */; };
		BB5AC291263F023300C969C7 /* FriendListDataModel.swift in Sources */ = {isa = PBXBuildFile; fileRef = BB5AC290263F023300C969C7 /* FriendListDataModel.swift */; };
		BB70A213263F3BC000389786 /* SettingCollectionViewCell.swift in Sources */ = {isa = PBXBuildFile; fileRef = BB70A212263F3BC000389786 /* SettingCollectionViewCell.swift */; };
		BB77769E261AD86A0087AB5F /* AppDelegate.swift in Sources */ = {isa = PBXBuildFile; fileRef = BB77769D261AD86A0087AB5F /* AppDelegate.swift */; };
		BB7776A0261AD86A0087AB5F /* SceneDelegate.swift in Sources */ = {isa = PBXBuildFile; fileRef = BB77769F261AD86A0087AB5F /* SceneDelegate.swift */; };
		BB7776A2261AD86A0087AB5F /* LoginViewController.swift in Sources */ = {isa = PBXBuildFile; fileRef = BB7776A1261AD86A0087AB5F /* LoginViewController.swift */; };
		BB7776A5261AD86A0087AB5F /* Main.storyboard in Resources */ = {isa = PBXBuildFile; fileRef = BB7776A3261AD86A0087AB5F /* Main.storyboard */; };
		BB7776A7261AD86E0087AB5F /* Assets.xcassets in Resources */ = {isa = PBXBuildFile; fileRef = BB7776A6261AD86E0087AB5F /* Assets.xcassets */; };
		BB7776AA261AD86E0087AB5F /* LaunchScreen.storyboard in Resources */ = {isa = PBXBuildFile; fileRef = BB7776A8261AD86E0087AB5F /* LaunchScreen.storyboard */; };
		BB7776B4261AE1920087AB5F /* SignUpViewController.swift in Sources */ = {isa = PBXBuildFile; fileRef = BB7776B3261AE1920087AB5F /* SignUpViewController.swift */; };
		BB7776B8261AE4D00087AB5F /* CompleteViewController.swift in Sources */ = {isa = PBXBuildFile; fileRef = BB7776B7261AE4D00087AB5F /* CompleteViewController.swift */; };
		BBFC28CA2637D8E000B4570E /* FriendTableViewCell.swift in Sources */ = {isa = PBXBuildFile; fileRef = BBFC28C92637D8E000B4570E /* FriendTableViewCell.swift */; };
/* End PBXBuildFile section */

/* Begin PBXFileReference section */
		1C134495E25CFAD5F655C8A5 /* Pods-Sopt28th_1st_Assignment.debug.xcconfig */ = {isa = PBXFileReference; includeInIndex = 1; lastKnownFileType = text.xcconfig; name = "Pods-Sopt28th_1st_Assignment.debug.xcconfig"; path = "Target Support Files/Pods-Sopt28th_1st_Assignment/Pods-Sopt28th_1st_Assignment.debug.xcconfig"; sourceTree = "<group>"; };
		5B8665C026E9B1C100125A11 /* GiftViewController.swift */ = {isa = PBXFileReference; lastKnownFileType = sourcecode.swift; path = GiftViewController.swift; sourceTree = "<group>"; };
		64625617C97707D1A118BC00 /* Pods_Sopt28th_1st_Assignment.framework */ = {isa = PBXFileReference; explicitFileType = wrapper.framework; includeInIndex = 0; path = Pods_Sopt28th_1st_Assignment.framework; sourceTree = BUILT_PRODUCTS_DIR; };
		BB1EBB46264DF19A00B04C7F /* APIConstants.swift */ = {isa = PBXFileReference; lastKnownFileType = sourcecode.swift; path = APIConstants.swift; sourceTree = "<group>"; };
		BB1EBB49264DFAFF00B04C7F /* NetworkResult.swift */ = {isa = PBXFileReference; lastKnownFileType = sourcecode.swift; path = NetworkResult.swift; sourceTree = "<group>"; };
		BB1EBB4E264DFB7500B04C7F /* LoginDataModel.swift */ = {isa = PBXFileReference; lastKnownFileType = sourcecode.swift; path = LoginDataModel.swift; sourceTree = "<group>"; };
		BB1EBB55264E02EB00B04C7F /* LoginService.swift */ = {isa = PBXFileReference; lastKnownFileType = sourcecode.swift; path = LoginService.swift; sourceTree = "<group>"; };
		BB1EBB61264E0B0600B04C7F /* UIViewController + makeAlerts.swift */ = {isa = PBXFileReference; lastKnownFileType = sourcecode.swift; path = "UIViewController + makeAlerts.swift"; sourceTree = "<group>"; };
		BB1EBB65264E135200B04C7F /* SignupDataModel.swift */ = {isa = PBXFileReference; lastKnownFileType = sourcecode.swift; path = SignupDataModel.swift; sourceTree = "<group>"; };
		BB1EBB6A264E14C200B04C7F /* SignupService.swift */ = {isa = PBXFileReference; lastKnownFileType = sourcecode.swift; path = SignupService.swift; sourceTree = "<group>"; };
		BB341EC82628973E00BF274D /* MainTabBarController.swift */ = {isa = PBXFileReference; lastKnownFileType = sourcecode.swift; path = MainTabBarController.swift; sourceTree = "<group>"; };
		BB35E8782626E8790086DE5D /* FirstTab.storyboard */ = {isa = PBXFileReference; lastKnownFileType = file.storyboard; path = FirstTab.storyboard; sourceTree = "<group>"; };
		BB35E87B2626E8810086DE5D /* SecondTab.storyboard */ = {isa = PBXFileReference; lastKnownFileType = file.storyboard; path = SecondTab.storyboard; sourceTree = "<group>"; };
		BB35E87E2626E8880086DE5D /* ThirdTab.storyboard */ = {isa = PBXFileReference; lastKnownFileType = file.storyboard; path = ThirdTab.storyboard; sourceTree = "<group>"; };
		BB35E8812626E8910086DE5D /* FourthTab.storyboard */ = {isa = PBXFileReference; lastKnownFileType = file.storyboard; path = FourthTab.storyboard; sourceTree = "<group>"; };
		BB35E8842626E8980086DE5D /* FifthTab.storyboard */ = {isa = PBXFileReference; lastKnownFileType = file.storyboard; path = FifthTab.storyboard; sourceTree = "<group>"; };
		BB35E88B2626EA310086DE5D /* ChatViewController.swift */ = {isa = PBXFileReference; lastKnownFileType = sourcecode.swift; path = ChatViewController.swift; sourceTree = "<group>"; };
		BB35E88F2626EAE60086DE5D /* FriendViewController.swift */ = {isa = PBXFileReference; lastKnownFileType = sourcecode.swift; path = FriendViewController.swift; sourceTree = "<group>"; };
		BB35E8922626EAF00086DE5D /* TagViewController.swift */ = {isa = PBXFileReference; lastKnownFileType = sourcecode.swift; path = TagViewController.swift; sourceTree = "<group>"; };
		BB35E8952626EB0E0086DE5D /* ShoppingViewController.swift */ = {isa = PBXFileReference; lastKnownFileType = sourcecode.swift; path = ShoppingViewController.swift; sourceTree = "<group>"; };
		BB35E8982626EB1A0086DE5D /* SettingViewController.swift */ = {isa = PBXFileReference; lastKnownFileType = sourcecode.swift; path = SettingViewController.swift; sourceTree = "<group>"; };
		BB35E89F2626ECE00086DE5D /* MyProfileViewController.swift */ = {isa = PBXFileReference; lastKnownFileType = sourcecode.swift; path = MyProfileViewController.swift; sourceTree = "<group>"; };
		BB5AC290263F023300C969C7 /* FriendListDataModel.swift */ = {isa = PBXFileReference; lastKnownFileType = sourcecode.swift; path = FriendListDataModel.swift; sourceTree = "<group>"; };
		BB70A212263F3BC000389786 /* SettingCollectionViewCell.swift */ = {isa = PBXFileReference; lastKnownFileType = sourcecode.swift; path = SettingCollectionViewCell.swift; sourceTree = "<group>"; };
		BB77769A261AD86A0087AB5F /* Sopt28th_1st_Assignment.app */ = {isa = PBXFileReference; explicitFileType = wrapper.application; includeInIndex = 0; path = Sopt28th_1st_Assignment.app; sourceTree = BUILT_PRODUCTS_DIR; };
		BB77769D261AD86A0087AB5F /* AppDelegate.swift */ = {isa = PBXFileReference; lastKnownFileType = sourcecode.swift; path = AppDelegate.swift; sourceTree = "<group>"; };
		BB77769F261AD86A0087AB5F /* SceneDelegate.swift */ = {isa = PBXFileReference; lastKnownFileType = sourcecode.swift; path = SceneDelegate.swift; sourceTree = "<group>"; };
		BB7776A1261AD86A0087AB5F /* LoginViewController.swift */ = {isa = PBXFileReference; lastKnownFileType = sourcecode.swift; path = LoginViewController.swift; sourceTree = "<group>"; };
		BB7776A4261AD86A0087AB5F /* Base */ = {isa = PBXFileReference; lastKnownFileType = file.storyboard; name = Base; path = Base.lproj/Main.storyboard; sourceTree = "<group>"; };
		BB7776A6261AD86E0087AB5F /* Assets.xcassets */ = {isa = PBXFileReference; lastKnownFileType = folder.assetcatalog; path = Assets.xcassets; sourceTree = "<group>"; };
		BB7776A9261AD86E0087AB5F /* Base */ = {isa = PBXFileReference; lastKnownFileType = file.storyboard; name = Base; path = Base.lproj/LaunchScreen.storyboard; sourceTree = "<group>"; };
		BB7776AB261AD86E0087AB5F /* Info.plist */ = {isa = PBXFileReference; lastKnownFileType = text.plist.xml; path = Info.plist; sourceTree = "<group>"; };
		BB7776B3261AE1920087AB5F /* SignUpViewController.swift */ = {isa = PBXFileReference; lastKnownFileType = sourcecode.swift; path = SignUpViewController.swift; sourceTree = "<group>"; };
		BB7776B7261AE4D00087AB5F /* CompleteViewController.swift */ = {isa = PBXFileReference; lastKnownFileType = sourcecode.swift; path = CompleteViewController.swift; sourceTree = "<group>"; };
		BBFC28C92637D8E000B4570E /* FriendTableViewCell.swift */ = {isa = PBXFileReference; lastKnownFileType = sourcecode.swift; name = FriendTableViewCell.swift; path = Sopt28th_KakaoTalk/Cells/FriendTableViewCell.swift; sourceTree = SOURCE_ROOT; };
		BECAD8796AB6164726018B98 /* Pods-Sopt28th_1st_Assignment.release.xcconfig */ = {isa = PBXFileReference; includeInIndex = 1; lastKnownFileType = text.xcconfig; name = "Pods-Sopt28th_1st_Assignment.release.xcconfig"; path = "Target Support Files/Pods-Sopt28th_1st_Assignment/Pods-Sopt28th_1st_Assignment.release.xcconfig"; sourceTree = "<group>"; };
/* End PBXFileReference section */

/* Begin PBXFrameworksBuildPhase section */
		BB777697261AD86A0087AB5F /* Frameworks */ = {
			isa = PBXFrameworksBuildPhase;
			buildActionMask = 2147483647;
			files = (
				600CAFF04443741C4911BA92 /* Pods_Sopt28th_1st_Assignment.framework in Frameworks */,
			);
			runOnlyForDeploymentPostprocessing = 0;
		};
/* End PBXFrameworksBuildPhase section */

/* Begin PBXGroup section */
		BB1EBB43264DF05100B04C7F /* Cells */ = {
			isa = PBXGroup;
			children = (
				BB70A212263F3BC000389786 /* SettingCollectionViewCell.swift */,
				BBFC28C92637D8E000B4570E /* FriendTableViewCell.swift */,
			);
			path = Cells;
			sourceTree = "<group>";
		};
		BB1EBB44264DF07A00B04C7F /* Models */ = {
			isa = PBXGroup;
			children = (
				BB1EBB46264DF19A00B04C7F /* APIConstants.swift */,
				BB1EBB49264DFAFF00B04C7F /* NetworkResult.swift */,
				BB1EBB4E264DFB7500B04C7F /* LoginDataModel.swift */,
				BB1EBB65264E135200B04C7F /* SignupDataModel.swift */,
				BB1EBB55264E02EB00B04C7F /* LoginService.swift */,
				BB1EBB6A264E14C200B04C7F /* SignupService.swift */,
			);
			path = Models;
			sourceTree = "<group>";
		};
		BB1EBB5F264E097E00B04C7F /* Extensions */ = {
			isa = PBXGroup;
			children = (
				BB1EBB61264E0B0600B04C7F /* UIViewController + makeAlerts.swift */,
			);
			path = Extensions;
			sourceTree = "<group>";
		};
		BB35E8702626E41C0086DE5D /* Tab.storyboard */ = {
			isa = PBXGroup;
			children = (
				BB35E8782626E8790086DE5D /* FirstTab.storyboard */,
				BB35E87B2626E8810086DE5D /* SecondTab.storyboard */,
				BB35E87E2626E8880086DE5D /* ThirdTab.storyboard */,
				BB35E8812626E8910086DE5D /* FourthTab.storyboard */,
				BB35E8842626E8980086DE5D /* FifthTab.storyboard */,
			);
			path = Tab.storyboard;
			sourceTree = "<group>";
		};
		BB35E8872626E9D20086DE5D /* View Controllers */ = {
			isa = PBXGroup;
			children = (
				BB35E89C2626EC8A0086DE5D /* Login Controllers */,
				BB35E89D2626EC9E0086DE5D /* Main Controllers */,
			);
			path = "View Controllers";
			sourceTree = "<group>";
		};
		BB35E89C2626EC8A0086DE5D /* Login Controllers */ = {
			isa = PBXGroup;
			children = (
				BB7776A1261AD86A0087AB5F /* LoginViewController.swift */,
				BB7776B3261AE1920087AB5F /* SignUpViewController.swift */,
				BB7776B7261AE4D00087AB5F /* CompleteViewController.swift */,
			);
			path = "Login Controllers";
			sourceTree = "<group>";
		};
		BB35E89D2626EC9E0086DE5D /* Main Controllers */ = {
			isa = PBXGroup;
			children = (
				BB341EC82628973E00BF274D /* MainTabBarController.swift */,
				BB35E88F2626EAE60086DE5D /* FriendViewController.swift */,
				BB35E89F2626ECE00086DE5D /* MyProfileViewController.swift */,
				BB35E88B2626EA310086DE5D /* ChatViewController.swift */,
				BB35E8922626EAF00086DE5D /* TagViewController.swift */,
				BB35E8952626EB0E0086DE5D /* ShoppingViewController.swift */,
				BB35E8982626EB1A0086DE5D /* SettingViewController.swift */,
				5B8665C026E9B1C100125A11 /* GiftViewController.swift */,
			);
			path = "Main Controllers";
			sourceTree = "<group>";
		};
		BB777691261AD86A0087AB5F = {
			isa = PBXGroup;
			children = (
				BB77769C261AD86A0087AB5F /* Sopt28th_KakaoTalk */,
				BB77769B261AD86A0087AB5F /* Products */,
				E31BFECFA26169165F1344A6 /* Pods */,
				CA619B7C84EF4DC583AB8FBB /* Frameworks */,
			);
			sourceTree = "<group>";
		};
		BB77769B261AD86A0087AB5F /* Products */ = {
			isa = PBXGroup;
			children = (
				BB77769A261AD86A0087AB5F /* Sopt28th_1st_Assignment.app */,
			);
			name = Products;
			sourceTree = "<group>";
		};
		BB77769C261AD86A0087AB5F /* Sopt28th_KakaoTalk */ = {
			isa = PBXGroup;
			children = (
				BB77769D261AD86A0087AB5F /* AppDelegate.swift */,
				BB77769F261AD86A0087AB5F /* SceneDelegate.swift */,
				BB5AC290263F023300C969C7 /* FriendListDataModel.swift */,
				BB7776A3261AD86A0087AB5F /* Main.storyboard */,
				BB35E8702626E41C0086DE5D /* Tab.storyboard */,
				BB1EBB44264DF07A00B04C7F /* Models */,
				BB1EBB43264DF05100B04C7F /* Cells */,
				BB35E8872626E9D20086DE5D /* View Controllers */,
				BB1EBB5F264E097E00B04C7F /* Extensions */,
				BB7776A6261AD86E0087AB5F /* Assets.xcassets */,
				BB7776A8261AD86E0087AB5F /* LaunchScreen.storyboard */,
				BB7776AB261AD86E0087AB5F /* Info.plist */,
			);
			path = Sopt28th_KakaoTalk;
			sourceTree = "<group>";
		};
		CA619B7C84EF4DC583AB8FBB /* Frameworks */ = {
			isa = PBXGroup;
			children = (
				64625617C97707D1A118BC00 /* Pods_Sopt28th_1st_Assignment.framework */,
			);
			name = Frameworks;
			sourceTree = "<group>";
		};
		E31BFECFA26169165F1344A6 /* Pods */ = {
			isa = PBXGroup;
			children = (
				1C134495E25CFAD5F655C8A5 /* Pods-Sopt28th_1st_Assignment.debug.xcconfig */,
				BECAD8796AB6164726018B98 /* Pods-Sopt28th_1st_Assignment.release.xcconfig */,
			);
			path = Pods;
			sourceTree = "<group>";
		};
/* End PBXGroup section */

/* Begin PBXNativeTarget section */
		BB777699261AD86A0087AB5F /* Sopt28th_1st_Assignment */ = {
			isa = PBXNativeTarget;
			buildConfigurationList = BB7776AE261AD86E0087AB5F /* Build configuration list for PBXNativeTarget "Sopt28th_1st_Assignment" */;
			buildPhases = (
				3D022BC66E31AF37AFCE1932 /* [CP] Check Pods Manifest.lock */,
				BB777696261AD86A0087AB5F /* Sources */,
				BB777697261AD86A0087AB5F /* Frameworks */,
				BB777698261AD86A0087AB5F /* Resources */,
				91407760523729351D5F90CF /* [CP] Embed Pods Frameworks */,
			);
			buildRules = (
			);
			dependencies = (
			);
			name = Sopt28th_1st_Assignment;
			productName = Sopt28th_1st_Assignment;
			productReference = BB77769A261AD86A0087AB5F /* Sopt28th_1st_Assignment.app */;
			productType = "com.apple.product-type.application";
		};
/* End PBXNativeTarget section */

/* Begin PBXProject section */
		BB777692261AD86A0087AB5F /* Project object */ = {
			isa = PBXProject;
			attributes = {
				LastSwiftUpdateCheck = 1200;
				LastUpgradeCheck = 1200;
				TargetAttributes = {
					BB777699261AD86A0087AB5F = {
						CreatedOnToolsVersion = 12.0.1;
					};
				};
			};
			buildConfigurationList = BB777695261AD86A0087AB5F /* Build configuration list for PBXProject "Sopt28th_KakaoTalk" */;
			compatibilityVersion = "Xcode 9.3";
			developmentRegion = en;
			hasScannedForEncodings = 0;
			knownRegions = (
				en,
				Base,
			);
			mainGroup = BB777691261AD86A0087AB5F;
			productRefGroup = BB77769B261AD86A0087AB5F /* Products */;
			projectDirPath = "";
			projectRoot = "";
			targets = (
				BB777699261AD86A0087AB5F /* Sopt28th_1st_Assignment */,
			);
		};
/* End PBXProject section */

/* Begin PBXResourcesBuildPhase section */
		BB777698261AD86A0087AB5F /* Resources */ = {
			isa = PBXResourcesBuildPhase;
			buildActionMask = 2147483647;
			files = (
				BB7776AA261AD86E0087AB5F /* LaunchScreen.storyboard in Resources */,
				BB35E8792626E8790086DE5D /* FirstTab.storyboard in Resources */,
				BB35E8852626E8980086DE5D /* FifthTab.storyboard in Resources */,
				BB35E87C2626E8810086DE5D /* SecondTab.storyboard in Resources */,
				BB7776A7261AD86E0087AB5F /* Assets.xcassets in Resources */,
				BB35E87F2626E8880086DE5D /* ThirdTab.storyboard in Resources */,
				BB7776A5261AD86A0087AB5F /* Main.storyboard in Resources */,
				BB35E8822626E8910086DE5D /* FourthTab.storyboard in Resources */,
			);
			runOnlyForDeploymentPostprocessing = 0;
		};
/* End PBXResourcesBuildPhase section */

/* Begin PBXShellScriptBuildPhase section */
		3D022BC66E31AF37AFCE1932 /* [CP] Check Pods Manifest.lock */ = {
			isa = PBXShellScriptBuildPhase;
			buildActionMask = 2147483647;
			files = (
			);
			inputFileListPaths = (
			);
			inputPaths = (
				"${PODS_PODFILE_DIR_PATH}/Podfile.lock",
				"${PODS_ROOT}/Manifest.lock",
			);
			name = "[CP] Check Pods Manifest.lock";
			outputFileListPaths = (
			);
			outputPaths = (
				"$(DERIVED_FILE_DIR)/Pods-Sopt28th_1st_Assignment-checkManifestLockResult.txt",
			);
			runOnlyForDeploymentPostprocessing = 0;
			shellPath = /bin/sh;
			shellScript = "diff \"${PODS_PODFILE_DIR_PATH}/Podfile.lock\" \"${PODS_ROOT}/Manifest.lock\" > /dev/null\nif [ $? != 0 ] ; then\n    # print error to STDERR\n    echo \"error: The sandbox is not in sync with the Podfile.lock. Run 'pod install' or update your CocoaPods installation.\" >&2\n    exit 1\nfi\n# This output is used by Xcode 'outputs' to avoid re-running this script phase.\necho \"SUCCESS\" > \"${SCRIPT_OUTPUT_FILE_0}\"\n";
			showEnvVarsInLog = 0;
		};
		91407760523729351D5F90CF /* [CP] Embed Pods Frameworks */ = {
			isa = PBXShellScriptBuildPhase;
			buildActionMask = 2147483647;
			files = (
			);
			inputFileListPaths = (
				"${PODS_ROOT}/Target Support Files/Pods-Sopt28th_1st_Assignment/Pods-Sopt28th_1st_Assignment-frameworks-${CONFIGURATION}-input-files.xcfilelist",
			);
			name = "[CP] Embed Pods Frameworks";
			outputFileListPaths = (
				"${PODS_ROOT}/Target Support Files/Pods-Sopt28th_1st_Assignment/Pods-Sopt28th_1st_Assignment-frameworks-${CONFIGURATION}-output-files.xcfilelist",
			);
			runOnlyForDeploymentPostprocessing = 0;
			shellPath = /bin/sh;
			shellScript = "\"${PODS_ROOT}/Target Support Files/Pods-Sopt28th_1st_Assignment/Pods-Sopt28th_1st_Assignment-frameworks.sh\"\n";
			showEnvVarsInLog = 0;
		};
/* End PBXShellScriptBuildPhase section */

/* Begin PBXSourcesBuildPhase section */
		BB777696261AD86A0087AB5F /* Sources */ = {
			isa = PBXSourcesBuildPhase;
			buildActionMask = 2147483647;
			files = (
				BB1EBB56264E02EC00B04C7F /* LoginService.swift in Sources */,
				BB7776A2261AD86A0087AB5F /* LoginViewController.swift in Sources */,
				BB1EBB62264E0B0600B04C7F /* UIViewController + makeAlerts.swift in Sources */,
				5B8665C126E9B1C100125A11 /* GiftViewController.swift in Sources */,
				BB35E8962626EB0E0086DE5D /* ShoppingViewController.swift in Sources */,
				BB341EC92628973E00BF274D /* MainTabBarController.swift in Sources */,
				BB77769E261AD86A0087AB5F /* AppDelegate.swift in Sources */,
				BB1EBB47264DF19A00B04C7F /* APIConstants.swift in Sources */,
				BB7776B4261AE1920087AB5F /* SignUpViewController.swift in Sources */,
				BB35E8A02626ECE00086DE5D /* MyProfileViewController.swift in Sources */,
				BB1EBB4F264DFB7500B04C7F /* LoginDataModel.swift in Sources */,
				BB35E8902626EAE60086DE5D /* FriendViewController.swift in Sources */,
				BBFC28CA2637D8E000B4570E /* FriendTableViewCell.swift in Sources */,
				BB35E8992626EB1A0086DE5D /* SettingViewController.swift in Sources */,
				BB1EBB66264E135200B04C7F /* SignupDataModel.swift in Sources */,
				BB35E88C2626EA310086DE5D /* ChatViewController.swift in Sources */,
				BB1EBB6B264E14C200B04C7F /* SignupService.swift in Sources */,
				BB70A213263F3BC000389786 /* SettingCollectionViewCell.swift in Sources */,
				BB35E8932626EAF00086DE5D /* TagViewController.swift in Sources */,
				BB7776B8261AE4D00087AB5F /* CompleteViewController.swift in Sources */,
				BB7776A0261AD86A0087AB5F /* SceneDelegate.swift in Sources */,
				BB1EBB4A264DFAFF00B04C7F /* NetworkResult.swift in Sources */,
				BB5AC291263F023300C969C7 /* FriendListDataModel.swift in Sources */,
			);
			runOnlyForDeploymentPostprocessing = 0;
		};
/* End PBXSourcesBuildPhase section */

/* Begin PBXVariantGroup section */
		BB7776A3261AD86A0087AB5F /* Main.storyboard */ = {
			isa = PBXVariantGroup;
			children = (
				BB7776A4261AD86A0087AB5F /* Base */,
			);
			name = Main.storyboard;
			sourceTree = "<group>";
		};
		BB7776A8261AD86E0087AB5F /* LaunchScreen.storyboard */ = {
			isa = PBXVariantGroup;
			children = (
				BB7776A9261AD86E0087AB5F /* Base */,
			);
			name = LaunchScreen.storyboard;
			sourceTree = "<group>";
		};
/* End PBXVariantGroup section */

/* Begin XCBuildConfiguration section */
		BB7776AC261AD86E0087AB5F /* Debug */ = {
			isa = XCBuildConfiguration;
			buildSettings = {
				ALWAYS_SEARCH_USER_PATHS = NO;
				CLANG_ANALYZER_NONNULL = YES;
				CLANG_ANALYZER_NUMBER_OBJECT_CONVERSION = YES_AGGRESSIVE;
				CLANG_CXX_LANGUAGE_STANDARD = "gnu++14";
				CLANG_CXX_LIBRARY = "libc++";
				CLANG_ENABLE_MODULES = YES;
				CLANG_ENABLE_OBJC_ARC = YES;
				CLANG_ENABLE_OBJC_WEAK = YES;
				CLANG_WARN_BLOCK_CAPTURE_AUTORELEASING = YES;
				CLANG_WARN_BOOL_CONVERSION = YES;
				CLANG_WARN_COMMA = YES;
				CLANG_WARN_CONSTANT_CONVERSION = YES;
				CLANG_WARN_DEPRECATED_OBJC_IMPLEMENTATIONS = YES;
				CLANG_WARN_DIRECT_OBJC_ISA_USAGE = YES_ERROR;
				CLANG_WARN_DOCUMENTATION_COMMENTS = YES;
				CLANG_WARN_EMPTY_BODY = YES;
				CLANG_WARN_ENUM_CONVERSION = YES;
				CLANG_WARN_INFINITE_RECURSION = YES;
				CLANG_WARN_INT_CONVERSION = YES;
				CLANG_WARN_NON_LITERAL_NULL_CONVERSION = YES;
				CLANG_WARN_OBJC_IMPLICIT_RETAIN_SELF = YES;
				CLANG_WARN_OBJC_LITERAL_CONVERSION = YES;
				CLANG_WARN_OBJC_ROOT_CLASS = YES_ERROR;
				CLANG_WARN_QUOTED_INCLUDE_IN_FRAMEWORK_HEADER = YES;
				CLANG_WARN_RANGE_LOOP_ANALYSIS = YES;
				CLANG_WARN_STRICT_PROTOTYPES = YES;
				CLANG_WARN_SUSPICIOUS_MOVE = YES;
				CLANG_WARN_UNGUARDED_AVAILABILITY = YES_AGGRESSIVE;
				CLANG_WARN_UNREACHABLE_CODE = YES;
				CLANG_WARN__DUPLICATE_METHOD_MATCH = YES;
				COPY_PHASE_STRIP = NO;
				DEBUG_INFORMATION_FORMAT = dwarf;
				ENABLE_STRICT_OBJC_MSGSEND = YES;
				ENABLE_TESTABILITY = YES;
				GCC_C_LANGUAGE_STANDARD = gnu11;
				GCC_DYNAMIC_NO_PIC = NO;
				GCC_NO_COMMON_BLOCKS = YES;
				GCC_OPTIMIZATION_LEVEL = 0;
				GCC_PREPROCESSOR_DEFINITIONS = (
					"DEBUG=1",
					"$(inherited)",
				);
				GCC_WARN_64_TO_32_BIT_CONVERSION = YES;
				GCC_WARN_ABOUT_RETURN_TYPE = YES_ERROR;
				GCC_WARN_UNDECLARED_SELECTOR = YES;
				GCC_WARN_UNINITIALIZED_AUTOS = YES_AGGRESSIVE;
				GCC_WARN_UNUSED_FUNCTION = YES;
				GCC_WARN_UNUSED_VARIABLE = YES;
				IPHONEOS_DEPLOYMENT_TARGET = 14.0;
				MTL_ENABLE_DEBUG_INFO = INCLUDE_SOURCE;
				MTL_FAST_MATH = YES;
				ONLY_ACTIVE_ARCH = YES;
				SDKROOT = iphoneos;
				SWIFT_ACTIVE_COMPILATION_CONDITIONS = DEBUG;
				SWIFT_OPTIMIZATION_LEVEL = "-Onone";
			};
			name = Debug;
		};
		BB7776AD261AD86E0087AB5F /* Release */ = {
			isa = XCBuildConfiguration;
			buildSettings = {
				ALWAYS_SEARCH_USER_PATHS = NO;
				CLANG_ANALYZER_NONNULL = YES;
				CLANG_ANALYZER_NUMBER_OBJECT_CONVERSION = YES_AGGRESSIVE;
				CLANG_CXX_LANGUAGE_STANDARD = "gnu++14";
				CLANG_CXX_LIBRARY = "libc++";
				CLANG_ENABLE_MODULES = YES;
				CLANG_ENABLE_OBJC_ARC = YES;
				CLANG_ENABLE_OBJC_WEAK = YES;
				CLANG_WARN_BLOCK_CAPTURE_AUTORELEASING = YES;
				CLANG_WARN_BOOL_CONVERSION = YES;
				CLANG_WARN_COMMA = YES;
				CLANG_WARN_CONSTANT_CONVERSION = YES;
				CLANG_WARN_DEPRECATED_OBJC_IMPLEMENTATIONS = YES;
				CLANG_WARN_DIRECT_OBJC_ISA_USAGE = YES_ERROR;
				CLANG_WARN_DOCUMENTATION_COMMENTS = YES;
				CLANG_WARN_EMPTY_BODY = YES;
				CLANG_WARN_ENUM_CONVERSION = YES;
				CLANG_WARN_INFINITE_RECURSION = YES;
				CLANG_WARN_INT_CONVERSION = YES;
				CLANG_WARN_NON_LITERAL_NULL_CONVERSION = YES;
				CLANG_WARN_OBJC_IMPLICIT_RETAIN_SELF = YES;
				CLANG_WARN_OBJC_LITERAL_CONVERSION = YES;
				CLANG_WARN_OBJC_ROOT_CLASS = YES_ERROR;
				CLANG_WARN_QUOTED_INCLUDE_IN_FRAMEWORK_HEADER = YES;
				CLANG_WARN_RANGE_LOOP_ANALYSIS = YES;
				CLANG_WARN_STRICT_PROTOTYPES = YES;
				CLANG_WARN_SUSPICIOUS_MOVE = YES;
				CLANG_WARN_UNGUARDED_AVAILABILITY = YES_AGGRESSIVE;
				CLANG_WARN_UNREACHABLE_CODE = YES;
				CLANG_WARN__DUPLICATE_METHOD_MATCH = YES;
				COPY_PHASE_STRIP = NO;
				DEBUG_INFORMATION_FORMAT = "dwarf-with-dsym";
				ENABLE_NS_ASSERTIONS = NO;
				ENABLE_STRICT_OBJC_MSGSEND = YES;
				GCC_C_LANGUAGE_STANDARD = gnu11;
				GCC_NO_COMMON_BLOCKS = YES;
				GCC_WARN_64_TO_32_BIT_CONVERSION = YES;
				GCC_WARN_ABOUT_RETURN_TYPE = YES_ERROR;
				GCC_WARN_UNDECLARED_SELECTOR = YES;
				GCC_WARN_UNINITIALIZED_AUTOS = YES_AGGRESSIVE;
				GCC_WARN_UNUSED_FUNCTION = YES;
				GCC_WARN_UNUSED_VARIABLE = YES;
				IPHONEOS_DEPLOYMENT_TARGET = 14.0;
				MTL_ENABLE_DEBUG_INFO = NO;
				MTL_FAST_MATH = YES;
				SDKROOT = iphoneos;
				SWIFT_COMPILATION_MODE = wholemodule;
				SWIFT_OPTIMIZATION_LEVEL = "-O";
				VALIDATE_PRODUCT = YES;
			};
			name = Release;
		};
		BB7776AF261AD86E0087AB5F /* Debug */ = {
			isa = XCBuildConfiguration;
			baseConfigurationReference = 1C134495E25CFAD5F655C8A5 /* Pods-Sopt28th_1st_Assignment.debug.xcconfig */;
			buildSettings = {
				ASSETCATALOG_COMPILER_APPICON_NAME = AppIcon;
				ASSETCATALOG_COMPILER_GLOBAL_ACCENT_COLOR_NAME = AccentColor;
				CODE_SIGN_STYLE = Automatic;
				DEVELOPMENT_TEAM = 5GQ6QL9S3X;
				INFOPLIST_FILE = Sopt28th_KakaoTalk/Info.plist;
				IPHONEOS_DEPLOYMENT_TARGET = 13.6;
				LD_RUNPATH_SEARCH_PATHS = (
					"$(inherited)",
					"@executable_path/Frameworks",
				);
				PRODUCT_BUNDLE_IDENTIFIER = com.ruheekim.Sopt28th_KakaoTalk;
				PRODUCT_NAME = "$(TARGET_NAME)";
				SWIFT_VERSION = 5.0;
				TARGETED_DEVICE_FAMILY = 1;
			};
			name = Debug;
		};
		BB7776B0261AD86E0087AB5F /* Release */ = {
			isa = XCBuildConfiguration;
			baseConfigurationReference = BECAD8796AB6164726018B98 /* Pods-Sopt28th_1st_Assignment.release.xcconfig */;
			buildSettings = {
				ASSETCATALOG_COMPILER_APPICON_NAME = AppIcon;
				ASSETCATALOG_COMPILER_GLOBAL_ACCENT_COLOR_NAME = AccentColor;
				CODE_SIGN_STYLE = Automatic;
				DEVELOPMENT_TEAM = 5GQ6QL9S3X;
				INFOPLIST_FILE = Sopt28th_KakaoTalk/Info.plist;
				IPHONEOS_DEPLOYMENT_TARGET = 13.6;
				LD_RUNPATH_SEARCH_PATHS = (
					"$(inherited)",
					"@executable_path/Frameworks",
				);
				PRODUCT_BUNDLE_IDENTIFIER = com.ruheekim.Sopt28th_KakaoTalk;
				PRODUCT_NAME = "$(TARGET_NAME)";
				SWIFT_VERSION = 5.0;
				TARGETED_DEVICE_FAMILY = 1;
			};
			name = Release;
		};
/* End XCBuildConfiguration section */

/* Begin XCConfigurationList section */
		BB777695261AD86A0087AB5F /* Build configuration list for PBXProject "Sopt28th_KakaoTalk" */ = {
			isa = XCConfigurationList;
			buildConfigurations = (
				BB7776AC261AD86E0087AB5F /* Debug */,
				BB7776AD261AD86E0087AB5F /* Release */,
			);
			defaultConfigurationIsVisible = 0;
			defaultConfigurationName = Release;
		};
		BB7776AE261AD86E0087AB5F /* Build configuration list for PBXNativeTarget "Sopt28th_1st_Assignment" */ = {
			isa = XCConfigurationList;
			buildConfigurations = (
				BB7776AF261AD86E0087AB5F /* Debug */,
				BB7776B0261AD86E0087AB5F /* Release */,
			);
			defaultConfigurationIsVisible = 0;
			defaultConfigurationName = Release;
		};
/* End XCConfigurationList section */
	};
	rootObject = BB777692261AD86A0087AB5F /* Project object */;
}
